
Microsoft Visual Studio Solution File, Format Version 12.00
# Visual Studio 15
VisualStudioVersion = 15.0.28307.271
MinimumVisualStudioVersion = 10.0.40219.1
Project("{FAE04EC0-301F-11D3-BF4B-00C04F79EFBC}") = "EmailExtractor", "EmailExtractor\EmailExtractor.csproj", "{8FCE05FB-940A-4FF2-A72F-3DF6190356D2}"
EndProject
Global
	GlobalSection(SolutionConfigurationPlatforms) = preSolution
		Debug|Any CPU = Debug|Any CPU
		Release|Any CPU = Release|Any CPU
	EndGlobalSection
	GlobalSection(ProjectConfigurationPlatforms) = postSolution
		{8FCE05FB-940A-4FF2-A72F-3DF6190356D2}.Debug|Any CPU.ActiveCfg = Debug|Any CPU
		{8FCE05FB-940A-4FF2-A72F-3DF6190356D2}.Debug|Any CPU.Build.0 = Debug|Any CPU
		{8FCE05FB-940A-4FF2-A72F-3DF6190356D2}.Release|Any CPU.ActiveCfg = Release|Any CPU
		{8FCE05FB-940A-4FF2-A72F-3DF6190356D2}.Release|Any CPU.Build.0 = Release|Any CPU
	EndGlobalSection
	GlobalSection(SolutionProperties) = preSolution
		HideSolutionNode = FALSE
	EndGlobalSection
	GlobalSection(ExtensibilityGlobals) = postSolution
		SolutionGuid = {475D1C86-D43D-4CD5-9305-19B7ADB5142F}
	EndGlobalSection
EndGlobal
